
Microsoft Visual Studio Solution File, Format Version 12.00
# Visual Studio Version 16
VisualStudioVersion = 16.0.31410.357
MinimumVisualStudioVersion = 10.0.40219.1
Project("{FAE04EC0-301F-11D3-BF4B-00C04F79EFBC}") = "WebApi", "WebApi\WebApi.csproj", "{44344AF4-3A48-4DE3-9953-3C0ECA3D0421}"
EndProject
Global
	GlobalSection(SolutionConfigurationPlatforms) = preSolution
		Debug|Any CPU = Debug|Any CPU
		Release|Any CPU = Release|Any CPU
	EndGlobalSection
	GlobalSection(ProjectConfigurationPlatforms) = postSolution
		{44344AF4-3A48-4DE3-9953-3C0ECA3D0421}.Debug|Any CPU.ActiveCfg = Debug|Any CPU
		{44344AF4-3A48-4DE3-9953-3C0ECA3D0421}.Debug|Any CPU.Build.0 = Debug|Any CPU
		{44344AF4-3A48-4DE3-9953-3C0ECA3D0421}.Release|Any CPU.ActiveCfg = Release|Any CPU
		{44344AF4-3A48-4DE3-9953-3C0ECA3D0421}.Release|Any CPU.Build.0 = Release|Any CPU
	EndGlobalSection
	GlobalSection(SolutionProperties) = preSolution
		HideSolutionNode = FALSE
	EndGlobalSection
	GlobalSection(ExtensibilityGlobals) = postSolution
		SolutionGuid = {18FA17A5-AA00-4056-BA71-26A830D5670D}
	EndGlobalSection
EndGlobal
